
Microsoft Visual Studio Solution File, Format Version 12.00
# Visual Studio Version 16
VisualStudioVersion = 16.0.29920.165
MinimumVisualStudioVersion = 10.0.40219.1
Project("{FAE04EC0-301F-11D3-BF4B-00C04F79EFBC}") = "SI656_AlquilerEquipos.Data", "SI656_AlquilerEquipos.Data\SI656_AlquilerEquipos.Data.csproj", "{80F9D34E-F23D-4D6C-A3A4-4EB798026935}"
EndProject
Project("{FAE04EC0-301F-11D3-BF4B-00C04F79EFBC}") = "SI656_AlquilerEquipos.Repository", "SI656_AlquilerEquipos.Repository\SI656_AlquilerEquipos.Repository.csproj", "{E54AC26C-9224-4C1D-9556-CB218553585B}"
EndProject
Project("{FAE04EC0-301F-11D3-BF4B-00C04F79EFBC}") = "SI656_AlquilerEquipos.Services", "SI656_AlquilerEquipos.Services\SI656_AlquilerEquipos.Services.csproj", "{32D3C32A-090A-443A-895D-88C963551930}"
EndProject
Project("{FAE04EC0-301F-11D3-BF4B-00C04F79EFBC}") = "SI656_AlquilerEquipos.Web", "SI656_AlquilerEquipos.Web\SI656_AlquilerEquipos.Web.csproj", "{8E205693-588E-4A7F-918D-86E4CF2B012D}"
EndProject
Project("{FAE04EC0-301F-11D3-BF4B-00C04F79EFBC}") = "SI656_AlquilerEquipos.Helper", "SI656_AlquilerEquipos.Helper\SI656_AlquilerEquipos.Helper.csproj", "{62C742BA-AA6F-4F02-BBA2-B978ECA4B764}"
EndProject
Global
	GlobalSection(SolutionConfigurationPlatforms) = preSolution
		Debug|Any CPU = Debug|Any CPU
		Release|Any CPU = Release|Any CPU
	EndGlobalSection
	GlobalSection(ProjectConfigurationPlatforms) = postSolution
		{80F9D34E-F23D-4D6C-A3A4-4EB798026935}.Debug|Any CPU.ActiveCfg = Debug|Any CPU
		{80F9D34E-F23D-4D6C-A3A4-4EB798026935}.Debug|Any CPU.Build.0 = Debug|Any CPU
		{80F9D34E-F23D-4D6C-A3A4-4EB798026935}.Release|Any CPU.ActiveCfg = Release|Any CPU
		{80F9D34E-F23D-4D6C-A3A4-4EB798026935}.Release|Any CPU.Build.0 = Release|Any CPU
		{E54AC26C-9224-4C1D-9556-CB218553585B}.Debug|Any CPU.ActiveCfg = Debug|Any CPU
		{E54AC26C-9224-4C1D-9556-CB218553585B}.Debug|Any CPU.Build.0 = Debug|Any CPU
		{E54AC26C-9224-4C1D-9556-CB218553585B}.Release|Any CPU.ActiveCfg = Release|Any CPU
		{E54AC26C-9224-4C1D-9556-CB218553585B}.Release|Any CPU.Build.0 = Release|Any CPU
		{32D3C32A-090A-443A-895D-88C963551930}.Debug|Any CPU.ActiveCfg = Debug|Any CPU
		{32D3C32A-090A-443A-895D-88C963551930}.Debug|Any CPU.Build.0 = Debug|Any CPU
		{32D3C32A-090A-443A-895D-88C963551930}.Release|Any CPU.ActiveCfg = Release|Any CPU
		{32D3C32A-090A-443A-895D-88C963551930}.Release|Any CPU.Build.0 = Release|Any CPU
		{8E205693-588E-4A7F-918D-86E4CF2B012D}.Debug|Any CPU.ActiveCfg = Debug|Any CPU
		{8E205693-588E-4A7F-918D-86E4CF2B012D}.Debug|Any CPU.Build.0 = Debug|Any CPU
		{8E205693-588E-4A7F-918D-86E4CF2B012D}.Release|Any CPU.ActiveCfg = Release|Any CPU
		{8E205693-588E-4A7F-918D-86E4CF2B012D}.Release|Any CPU.Build.0 = Release|Any CPU
		{62C742BA-AA6F-4F02-BBA2-B978ECA4B764}.Debug|Any CPU.ActiveCfg = Debug|Any CPU
		{62C742BA-AA6F-4F02-BBA2-B978ECA4B764}.Debug|Any CPU.Build.0 = Debug|Any CPU
		{62C742BA-AA6F-4F02-BBA2-B978ECA4B764}.Release|Any CPU.ActiveCfg = Release|Any CPU
		{62C742BA-AA6F-4F02-BBA2-B978ECA4B764}.Release|Any CPU.Build.0 = Release|Any CPU
	EndGlobalSection
	GlobalSection(SolutionProperties) = preSolution
		HideSolutionNode = FALSE
	EndGlobalSection
	GlobalSection(ExtensibilityGlobals) = postSolution
		SolutionGuid = {22CB1D96-70DF-4A91-83B1-981B23803409}
	EndGlobalSection
EndGlobal
